// !$*UTF8*$!
{
	archiveVersion = 1;
	classes = {
	};
	objectVersion = 50;
	objects = {

/* Begin PBXBuildFile section */
		2541848F2436D1DF00D9DA79 /* AppDelegate.swift in Sources */ = {isa = PBXBuildFile; fileRef = 2541848E2436D1DF00D9DA79 /* AppDelegate.swift */; };
		254184932436D1DF00D9DA79 /* ViewController.swift in Sources */ = {isa = PBXBuildFile; fileRef = 254184922436D1DF00D9DA79 /* ViewController.swift */; };
		254184962436D1DF00D9DA79 /* Main.storyboard in Resources */ = {isa = PBXBuildFile; fileRef = 254184942436D1DF00D9DA79 /* Main.storyboard */; };
		254184982436D1E100D9DA79 /* Assets.xcassets in Resources */ = {isa = PBXBuildFile; fileRef = 254184972436D1E100D9DA79 /* Assets.xcassets */; };
		2541849B2436D1E100D9DA79 /* LaunchScreen.storyboard in Resources */ = {isa = PBXBuildFile; fileRef = 254184992436D1E100D9DA79 /* LaunchScreen.storyboard */; };
		254184A62436D1E100D9DA79 /* SephoraHomeTestTests.swift in Sources */ = {isa = PBXBuildFile; fileRef = 254184A52436D1E100D9DA79 /* SephoraHomeTestTests.swift */; };
		254184B12436D1E100D9DA79 /* SephoraHomeTestUITests.swift in Sources */ = {isa = PBXBuildFile; fileRef = 254184B02436D1E100D9DA79 /* SephoraHomeTestUITests.swift */; };
		3C87B69461918680938D55EE /* Pods_SephoraHomeTest_SephoraHomeTestUITests.framework in Frameworks */ = {isa = PBXBuildFile; fileRef = 737182EEF25E627EEA101D46 /* Pods_SephoraHomeTest_SephoraHomeTestUITests.framework */; };
		3F5982B65B0257C5F39C39AA /* Pods_SephoraHomeTest.framework in Frameworks */ = {isa = PBXBuildFile; fileRef = 71599A6EEFE2196BD9047DCD /* Pods_SephoraHomeTest.framework */; };
		C6E0F6383803A346772447F4 /* Pods_SephoraHomeTestTests.framework in Frameworks */ = {isa = PBXBuildFile; fileRef = F08F09B23E1CD7B339C9B5EA /* Pods_SephoraHomeTestTests.framework */; };
/* End PBXBuildFile section */

/* Begin PBXContainerItemProxy section */
		254184A22436D1E100D9DA79 /* PBXContainerItemProxy */ = {
			isa = PBXContainerItemProxy;
			containerPortal = 254184832436D1DF00D9DA79 /* Project object */;
			proxyType = 1;
			remoteGlobalIDString = 2541848A2436D1DF00D9DA79;
			remoteInfo = SephoraHomeTest;
		};
		254184AD2436D1E100D9DA79 /* PBXContainerItemProxy */ = {
			isa = PBXContainerItemProxy;
			containerPortal = 254184832436D1DF00D9DA79 /* Project object */;
			proxyType = 1;
			remoteGlobalIDString = 2541848A2436D1DF00D9DA79;
			remoteInfo = SephoraHomeTest;
		};
/* End PBXContainerItemProxy section */

/* Begin PBXFileReference section */
		18D51B2B86325387E9EAE9A0 /* Pods-SephoraHomeTestTests.debug.xcconfig */ = {isa = PBXFileReference; includeInIndex = 1; lastKnownFileType = text.xcconfig; name = "Pods-SephoraHomeTestTests.debug.xcconfig"; path = "Target Support Files/Pods-SephoraHomeTestTests/Pods-SephoraHomeTestTests.debug.xcconfig"; sourceTree = "<group>"; };
		2541848B2436D1DF00D9DA79 /* SephoraHomeTest.app */ = {isa = PBXFileReference; explicitFileType = wrapper.application; includeInIndex = 0; path = SephoraHomeTest.app; sourceTree = BUILT_PRODUCTS_DIR; };
		2541848E2436D1DF00D9DA79 /* AppDelegate.swift */ = {isa = PBXFileReference; lastKnownFileType = sourcecode.swift; path = AppDelegate.swift; sourceTree = "<group>"; };
		254184922436D1DF00D9DA79 /* ViewController.swift */ = {isa = PBXFileReference; lastKnownFileType = sourcecode.swift; path = ViewController.swift; sourceTree = "<group>"; };
		254184952436D1DF00D9DA79 /* Base */ = {isa = PBXFileReference; lastKnownFileType = file.storyboard; name = Base; path = Base.lproj/Main.storyboard; sourceTree = "<group>"; };
		254184972436D1E100D9DA79 /* Assets.xcassets */ = {isa = PBXFileReference; lastKnownFileType = folder.assetcatalog; path = Assets.xcassets; sourceTree = "<group>"; };
		2541849A2436D1E100D9DA79 /* Base */ = {isa = PBXFileReference; lastKnownFileType = file.storyboard; name = Base; path = Base.lproj/LaunchScreen.storyboard; sourceTree = "<group>"; };
		2541849C2436D1E100D9DA79 /* Info.plist */ = {isa = PBXFileReference; lastKnownFileType = text.plist.xml; path = Info.plist; sourceTree = "<group>"; };
		254184A12436D1E100D9DA79 /* SephoraHomeTestTests.xctest */ = {isa = PBXFileReference; explicitFileType = wrapper.cfbundle; includeInIndex = 0; path = SephoraHomeTestTests.xctest; sourceTree = BUILT_PRODUCTS_DIR; };
		254184A52436D1E100D9DA79 /* SephoraHomeTestTests.swift */ = {isa = PBXFileReference; lastKnownFileType = sourcecode.swift; path = SephoraHomeTestTests.swift; sourceTree = "<group>"; };
		254184A72436D1E100D9DA79 /* Info.plist */ = {isa = PBXFileReference; lastKnownFileType = text.plist.xml; path = Info.plist; sourceTree = "<group>"; };
		254184AC2436D1E100D9DA79 /* SephoraHomeTestUITests.xctest */ = {isa = PBXFileReference; explicitFileType = wrapper.cfbundle; includeInIndex = 0; path = SephoraHomeTestUITests.xctest; sourceTree = BUILT_PRODUCTS_DIR; };
		254184B02436D1E100D9DA79 /* SephoraHomeTestUITests.swift */ = {isa = PBXFileReference; lastKnownFileType = sourcecode.swift; path = SephoraHomeTestUITests.swift; sourceTree = "<group>"; };
		254184B22436D1E100D9DA79 /* Info.plist */ = {isa = PBXFileReference; lastKnownFileType = text.plist.xml; path = Info.plist; sourceTree = "<group>"; };
		3CD266362256AA4C67CE28F7 /* Pods-SephoraHomeTest.debug.xcconfig */ = {isa = PBXFileReference; includeInIndex = 1; lastKnownFileType = text.xcconfig; name = "Pods-SephoraHomeTest.debug.xcconfig"; path = "Target Support Files/Pods-SephoraHomeTest/Pods-SephoraHomeTest.debug.xcconfig"; sourceTree = "<group>"; };
		3E040F3EEF215D6D26B92E81 /* Pods-SephoraHomeTest-SephoraHomeTestUITests.debug.xcconfig */ = {isa = PBXFileReference; includeInIndex = 1; lastKnownFileType = text.xcconfig; name = "Pods-SephoraHomeTest-SephoraHomeTestUITests.debug.xcconfig"; path = "Target Support Files/Pods-SephoraHomeTest-SephoraHomeTestUITests/Pods-SephoraHomeTest-SephoraHomeTestUITests.debug.xcconfig"; sourceTree = "<group>"; };
		71599A6EEFE2196BD9047DCD /* Pods_SephoraHomeTest.framework */ = {isa = PBXFileReference; explicitFileType = wrapper.framework; includeInIndex = 0; path = Pods_SephoraHomeTest.framework; sourceTree = BUILT_PRODUCTS_DIR; };
		737182EEF25E627EEA101D46 /* Pods_SephoraHomeTest_SephoraHomeTestUITests.framework */ = {isa = PBXFileReference; explicitFileType = wrapper.framework; includeInIndex = 0; path = Pods_SephoraHomeTest_SephoraHomeTestUITests.framework; sourceTree = BUILT_PRODUCTS_DIR; };
		94699B8448FE3E98B6176C17 /* Pods-SephoraHomeTestTests.release.xcconfig */ = {isa = PBXFileReference; includeInIndex = 1; lastKnownFileType = text.xcconfig; name = "Pods-SephoraHomeTestTests.release.xcconfig"; path = "Target Support Files/Pods-SephoraHomeTestTests/Pods-SephoraHomeTestTests.release.xcconfig"; sourceTree = "<group>"; };
		B1DD100850BEC58B1D953E35 /* Pods-SephoraHomeTest-SephoraHomeTestUITests.release.xcconfig */ = {isa = PBXFileReference; includeInIndex = 1; lastKnownFileType = text.xcconfig; name = "Pods-SephoraHomeTest-SephoraHomeTestUITests.release.xcconfig"; path = "Target Support Files/Pods-SephoraHomeTest-SephoraHomeTestUITests/Pods-SephoraHomeTest-SephoraHomeTestUITests.release.xcconfig"; sourceTree = "<group>"; };
		D203B109111964A2FD722612 /* Pods-SephoraHomeTest.release.xcconfig */ = {isa = PBXFileReference; includeInIndex = 1; lastKnownFileType = text.xcconfig; name = "Pods-SephoraHomeTest.release.xcconfig"; path = "Target Support Files/Pods-SephoraHomeTest/Pods-SephoraHomeTest.release.xcconfig"; sourceTree = "<group>"; };
		F08F09B23E1CD7B339C9B5EA /* Pods_SephoraHomeTestTests.framework */ = {isa = PBXFileReference; explicitFileType = wrapper.framework; includeInIndex = 0; path = Pods_SephoraHomeTestTests.framework; sourceTree = BUILT_PRODUCTS_DIR; };
/* End PBXFileReference section */

/* Begin PBXFrameworksBuildPhase section */
		254184882436D1DF00D9DA79 /* Frameworks */ = {
			isa = PBXFrameworksBuildPhase;
			buildActionMask = 2147483647;
			files = (
				3F5982B65B0257C5F39C39AA /* Pods_SephoraHomeTest.framework in Frameworks */,
			);
			runOnlyForDeploymentPostprocessing = 0;
		};
		2541849E2436D1E100D9DA79 /* Frameworks */ = {
			isa = PBXFrameworksBuildPhase;
			buildActionMask = 2147483647;
			files = (
				C6E0F6383803A346772447F4 /* Pods_SephoraHomeTestTests.framework in Frameworks */,
			);
			runOnlyForDeploymentPostprocessing = 0;
		};
		254184A92436D1E100D9DA79 /* Frameworks */ = {
			isa = PBXFrameworksBuildPhase;
			buildActionMask = 2147483647;
			files = (
				3C87B69461918680938D55EE /* Pods_SephoraHomeTest_SephoraHomeTestUITests.framework in Frameworks */,
			);
			runOnlyForDeploymentPostprocessing = 0;
		};
/* End PBXFrameworksBuildPhase section */

/* Begin PBXGroup section */
		254184822436D1DF00D9DA79 = {
			isa = PBXGroup;
			children = (
				2541848D2436D1DF00D9DA79 /* SephoraHomeTest */,
				254184A42436D1E100D9DA79 /* SephoraHomeTestTests */,
				254184AF2436D1E100D9DA79 /* SephoraHomeTestUITests */,
				2541848C2436D1DF00D9DA79 /* Products */,
				3E964026A60320E5DC682B75 /* Pods */,
				5F3D0758EAE8E828D8E836B0 /* Frameworks */,
			);
			sourceTree = "<group>";
		};
		2541848C2436D1DF00D9DA79 /* Products */ = {
			isa = PBXGroup;
			children = (
				2541848B2436D1DF00D9DA79 /* SephoraHomeTest.app */,
				254184A12436D1E100D9DA79 /* SephoraHomeTestTests.xctest */,
				254184AC2436D1E100D9DA79 /* SephoraHomeTestUITests.xctest */,
			);
			name = Products;
			sourceTree = "<group>";
		};
		2541848D2436D1DF00D9DA79 /* SephoraHomeTest */ = {
			isa = PBXGroup;
			children = (
				2541848E2436D1DF00D9DA79 /* AppDelegate.swift */,
				254184922436D1DF00D9DA79 /* ViewController.swift */,
				254184942436D1DF00D9DA79 /* Main.storyboard */,
				254184972436D1E100D9DA79 /* Assets.xcassets */,
				254184992436D1E100D9DA79 /* LaunchScreen.storyboard */,
				2541849C2436D1E100D9DA79 /* Info.plist */,
			);
			path = SephoraHomeTest;
			sourceTree = "<group>";
		};
		254184A42436D1E100D9DA79 /* SephoraHomeTestTests */ = {
			isa = PBXGroup;
			children = (
				254184A52436D1E100D9DA79 /* SephoraHomeTestTests.swift */,
				254184A72436D1E100D9DA79 /* Info.plist */,
			);
			path = SephoraHomeTestTests;
			sourceTree = "<group>";
		};
		254184AF2436D1E100D9DA79 /* SephoraHomeTestUITests */ = {
			isa = PBXGroup;
			children = (
				254184B02436D1E100D9DA79 /* SephoraHomeTestUITests.swift */,
				254184B22436D1E100D9DA79 /* Info.plist */,
			);
			path = SephoraHomeTestUITests;
			sourceTree = "<group>";
		};
		3E964026A60320E5DC682B75 /* Pods */ = {
			isa = PBXGroup;
			children = (
				3CD266362256AA4C67CE28F7 /* Pods-SephoraHomeTest.debug.xcconfig */,
				D203B109111964A2FD722612 /* Pods-SephoraHomeTest.release.xcconfig */,
				3E040F3EEF215D6D26B92E81 /* Pods-SephoraHomeTest-SephoraHomeTestUITests.debug.xcconfig */,
				B1DD100850BEC58B1D953E35 /* Pods-SephoraHomeTest-SephoraHomeTestUITests.release.xcconfig */,
				18D51B2B86325387E9EAE9A0 /* Pods-SephoraHomeTestTests.debug.xcconfig */,
				94699B8448FE3E98B6176C17 /* Pods-SephoraHomeTestTests.release.xcconfig */,
			);
			name = Pods;
			path = Pods;
			sourceTree = "<group>";
		};
		5F3D0758EAE8E828D8E836B0 /* Frameworks */ = {
			isa = PBXGroup;
			children = (
				71599A6EEFE2196BD9047DCD /* Pods_SephoraHomeTest.framework */,
				737182EEF25E627EEA101D46 /* Pods_SephoraHomeTest_SephoraHomeTestUITests.framework */,
				F08F09B23E1CD7B339C9B5EA /* Pods_SephoraHomeTestTests.framework */,
			);
			name = Frameworks;
			sourceTree = "<group>";
		};
/* End PBXGroup section */

/* Begin PBXNativeTarget section */
		2541848A2436D1DF00D9DA79 /* SephoraHomeTest */ = {
			isa = PBXNativeTarget;
			buildConfigurationList = 254184B52436D1E100D9DA79 /* Build configuration list for PBXNativeTarget "SephoraHomeTest" */;
			buildPhases = (
				9EB12FE639E69E0C46155B5D /* [CP] Check Pods Manifest.lock */,
				254184872436D1DF00D9DA79 /* Sources */,
				254184882436D1DF00D9DA79 /* Frameworks */,
				254184892436D1DF00D9DA79 /* Resources */,
				99DCAA34A221A55918683BBE /* [CP] Embed Pods Frameworks */,
			);
			buildRules = (
			);
			dependencies = (
			);
			name = SephoraHomeTest;
			productName = SephoraHomeTest;
			productReference = 2541848B2436D1DF00D9DA79 /* SephoraHomeTest.app */;
			productType = "com.apple.product-type.application";
		};
		254184A02436D1E100D9DA79 /* SephoraHomeTestTests */ = {
			isa = PBXNativeTarget;
			buildConfigurationList = 254184B82436D1E100D9DA79 /* Build configuration list for PBXNativeTarget "SephoraHomeTestTests" */;
			buildPhases = (
				BA00376FBB4E7D82E7FFC155 /* [CP] Check Pods Manifest.lock */,
				2541849D2436D1E100D9DA79 /* Sources */,
				2541849E2436D1E100D9DA79 /* Frameworks */,
				2541849F2436D1E100D9DA79 /* Resources */,
			);
			buildRules = (
			);
			dependencies = (
				254184A32436D1E100D9DA79 /* PBXTargetDependency */,
			);
			name = SephoraHomeTestTests;
			productName = SephoraHomeTestTests;
			productReference = 254184A12436D1E100D9DA79 /* SephoraHomeTestTests.xctest */;
			productType = "com.apple.product-type.bundle.unit-test";
		};
		254184AB2436D1E100D9DA79 /* SephoraHomeTestUITests */ = {
			isa = PBXNativeTarget;
			buildConfigurationList = 254184BB2436D1E100D9DA79 /* Build configuration list for PBXNativeTarget "SephoraHomeTestUITests" */;
			buildPhases = (
				D213EFE7897F794B8674C6D0 /* [CP] Check Pods Manifest.lock */,
				254184A82436D1E100D9DA79 /* Sources */,
				254184A92436D1E100D9DA79 /* Frameworks */,
				254184AA2436D1E100D9DA79 /* Resources */,
				655C6DAC5A8F005AAC15D258 /* [CP] Embed Pods Frameworks */,
			);
			buildRules = (
			);
			dependencies = (
				254184AE2436D1E100D9DA79 /* PBXTargetDependency */,
			);
			name = SephoraHomeTestUITests;
			productName = SephoraHomeTestUITests;
			productReference = 254184AC2436D1E100D9DA79 /* SephoraHomeTestUITests.xctest */;
			productType = "com.apple.product-type.bundle.ui-testing";
		};
/* End PBXNativeTarget section */

/* Begin PBXProject section */
		254184832436D1DF00D9DA79 /* Project object */ = {
			isa = PBXProject;
			attributes = {
				LastSwiftUpdateCheck = 1130;
				LastUpgradeCheck = 1130;
				ORGANIZATIONNAME = Spree;
				TargetAttributes = {
					2541848A2436D1DF00D9DA79 = {
						CreatedOnToolsVersion = 11.3.1;
					};
					254184A02436D1E100D9DA79 = {
						CreatedOnToolsVersion = 11.3.1;
						TestTargetID = 2541848A2436D1DF00D9DA79;
					};
					254184AB2436D1E100D9DA79 = {
						CreatedOnToolsVersion = 11.3.1;
						TestTargetID = 2541848A2436D1DF00D9DA79;
					};
				};
			};
			buildConfigurationList = 254184862436D1DF00D9DA79 /* Build configuration list for PBXProject "SephoraHomeTest" */;
			compatibilityVersion = "Xcode 9.3";
			developmentRegion = en;
			hasScannedForEncodings = 0;
			knownRegions = (
				en,
				Base,
			);
			mainGroup = 254184822436D1DF00D9DA79;
			productRefGroup = 2541848C2436D1DF00D9DA79 /* Products */;
			projectDirPath = "";
			projectRoot = "";
			targets = (
				2541848A2436D1DF00D9DA79 /* SephoraHomeTest */,
				254184A02436D1E100D9DA79 /* SephoraHomeTestTests */,
				254184AB2436D1E100D9DA79 /* SephoraHomeTestUITests */,
			);
		};
/* End PBXProject section */

/* Begin PBXResourcesBuildPhase section */
		254184892436D1DF00D9DA79 /* Resources */ = {
			isa = PBXResourcesBuildPhase;
			buildActionMask = 2147483647;
			files = (
				2541849B2436D1E100D9DA79 /* LaunchScreen.storyboard in Resources */,
				254184982436D1E100D9DA79 /* Assets.xcassets in Resources */,
				254184962436D1DF00D9DA79 /* Main.storyboard in Resources */,
			);
			runOnlyForDeploymentPostprocessing = 0;
		};
		2541849F2436D1E100D9DA79 /* Resources */ = {
			isa = PBXResourcesBuildPhase;
			buildActionMask = 2147483647;
			files = (
			);
			runOnlyForDeploymentPostprocessing = 0;
		};
		254184AA2436D1E100D9DA79 /* Resources */ = {
			isa = PBXResourcesBuildPhase;
			buildActionMask = 2147483647;
			files = (
			);
			runOnlyForDeploymentPostprocessing = 0;
		};
/* End PBXResourcesBuildPhase section */

/* Begin PBXShellScriptBuildPhase section */
		655C6DAC5A8F005AAC15D258 /* [CP] Embed Pods Frameworks */ = {
			isa = PBXShellScriptBuildPhase;
			buildActionMask = 2147483647;
			files = (
			);
			inputFileListPaths = (
				"${PODS_ROOT}/Target Support Files/Pods-SephoraHomeTest-SephoraHomeTestUITests/Pods-SephoraHomeTest-SephoraHomeTestUITests-frameworks-${CONFIGURATION}-input-files.xcfilelist",
			);
			name = "[CP] Embed Pods Frameworks";
			outputFileListPaths = (
				"${PODS_ROOT}/Target Support Files/Pods-SephoraHomeTest-SephoraHomeTestUITests/Pods-SephoraHomeTest-SephoraHomeTestUITests-frameworks-${CONFIGURATION}-output-files.xcfilelist",
			);
			runOnlyForDeploymentPostprocessing = 0;
			shellPath = /bin/sh;
			shellScript = "\"${PODS_ROOT}/Target Support Files/Pods-SephoraHomeTest-SephoraHomeTestUITests/Pods-SephoraHomeTest-SephoraHomeTestUITests-frameworks.sh\"\n";
			showEnvVarsInLog = 0;
		};
		99DCAA34A221A55918683BBE /* [CP] Embed Pods Frameworks */ = {
			isa = PBXShellScriptBuildPhase;
			buildActionMask = 2147483647;
			files = (
			);
			inputFileListPaths = (
				"${PODS_ROOT}/Target Support Files/Pods-SephoraHomeTest/Pods-SephoraHomeTest-frameworks-${CONFIGURATION}-input-files.xcfilelist",
			);
			name = "[CP] Embed Pods Frameworks";
			outputFileListPaths = (
				"${PODS_ROOT}/Target Support Files/Pods-SephoraHomeTest/Pods-SephoraHomeTest-frameworks-${CONFIGURATION}-output-files.xcfilelist",
			);
			runOnlyForDeploymentPostprocessing = 0;
			shellPath = /bin/sh;
			shellScript = "\"${PODS_ROOT}/Target Support Files/Pods-SephoraHomeTest/Pods-SephoraHomeTest-frameworks.sh\"\n";
			showEnvVarsInLog = 0;
		};
		9EB12FE639E69E0C46155B5D /* [CP] Check Pods Manifest.lock */ = {
			isa = PBXShellScriptBuildPhase;
			buildActionMask = 2147483647;
			files = (
			);
			inputFileListPaths = (
			);
			inputPaths = (
				"${PODS_PODFILE_DIR_PATH}/Podfile.lock",
				"${PODS_ROOT}/Manifest.lock",
			);
			name = "[CP] Check Pods Manifest.lock";
			outputFileListPaths = (
			);
			outputPaths = (
				"$(DERIVED_FILE_DIR)/Pods-SephoraHomeTest-checkManifestLockResult.txt",
			);
			runOnlyForDeploymentPostprocessing = 0;
			shellPath = /bin/sh;
			shellScript = "diff \"${PODS_PODFILE_DIR_PATH}/Podfile.lock\" \"${PODS_ROOT}/Manifest.lock\" > /dev/null\nif [ $? != 0 ] ; then\n    # print error to STDERR\n    echo \"error: The sandbox is not in sync with the Podfile.lock. Run 'pod install' or update your CocoaPods installation.\" >&2\n    exit 1\nfi\n# This output is used by Xcode 'outputs' to avoid re-running this script phase.\necho \"SUCCESS\" > \"${SCRIPT_OUTPUT_FILE_0}\"\n";
			showEnvVarsInLog = 0;
		};
		BA00376FBB4E7D82E7FFC155 /* [CP] Check Pods Manifest.lock */ = {
			isa = PBXShellScriptBuildPhase;
			buildActionMask = 2147483647;
			files = (
			);
			inputFileListPaths = (
			);
			inputPaths = (
				"${PODS_PODFILE_DIR_PATH}/Podfile.lock",
				"${PODS_ROOT}/Manifest.lock",
			);
			name = "[CP] Check Pods Manifest.lock";
			outputFileListPaths = (
			);
			outputPaths = (
				"$(DERIVED_FILE_DIR)/Pods-SephoraHomeTestTests-checkManifestLockResult.txt",
			);
			runOnlyForDeploymentPostprocessing = 0;
			shellPath = /bin/sh;
			shellScript = "diff \"${PODS_PODFILE_DIR_PATH}/Podfile.lock\" \"${PODS_ROOT}/Manifest.lock\" > /dev/null\nif [ $? != 0 ] ; then\n    # print error to STDERR\n    echo \"error: The sandbox is not in sync with the Podfile.lock. Run 'pod install' or update your CocoaPods installation.\" >&2\n    exit 1\nfi\n# This output is used by Xcode 'outputs' to avoid re-running this script phase.\necho \"SUCCESS\" > \"${SCRIPT_OUTPUT_FILE_0}\"\n";
			showEnvVarsInLog = 0;
		};
		D213EFE7897F794B8674C6D0 /* [CP] Check Pods Manifest.lock */ = {
			isa = PBXShellScriptBuildPhase;
			buildActionMask = 2147483647;
			files = (
			);
			inputFileListPaths = (
			);
			inputPaths = (
				"${PODS_PODFILE_DIR_PATH}/Podfile.lock",
				"${PODS_ROOT}/Manifest.lock",
			);
			name = "[CP] Check Pods Manifest.lock";
			outputFileListPaths = (
			);
			outputPaths = (
				"$(DERIVED_FILE_DIR)/Pods-SephoraHomeTest-SephoraHomeTestUITests-checkManifestLockResult.txt",
			);
			runOnlyForDeploymentPostprocessing = 0;
			shellPath = /bin/sh;
			shellScript = "diff \"${PODS_PODFILE_DIR_PATH}/Podfile.lock\" \"${PODS_ROOT}/Manifest.lock\" > /dev/null\nif [ $? != 0 ] ; then\n    # print error to STDERR\n    echo \"error: The sandbox is not in sync with the Podfile.lock. Run 'pod install' or update your CocoaPods installation.\" >&2\n    exit 1\nfi\n# This output is used by Xcode 'outputs' to avoid re-running this script phase.\necho \"SUCCESS\" > \"${SCRIPT_OUTPUT_FILE_0}\"\n";
			showEnvVarsInLog = 0;
		};
/* End PBXShellScriptBuildPhase section */

/* Begin PBXSourcesBuildPhase section */
		254184872436D1DF00D9DA79 /* Sources */ = {
			isa = PBXSourcesBuildPhase;
			buildActionMask = 2147483647;
			files = (
				254184932436D1DF00D9DA79 /* ViewController.swift in Sources */,
				2541848F2436D1DF00D9DA79 /* AppDelegate.swift in Sources */,
			);
			runOnlyForDeploymentPostprocessing = 0;
		};
		2541849D2436D1E100D9DA79 /* Sources */ = {
			isa = PBXSourcesBuildPhase;
			buildActionMask = 2147483647;
			files = (
				254184A62436D1E100D9DA79 /* SephoraHomeTestTests.swift in Sources */,
			);
			runOnlyForDeploymentPostprocessing = 0;
		};
		254184A82436D1E100D9DA79 /* Sources */ = {
			isa = PBXSourcesBuildPhase;
			buildActionMask = 2147483647;
			files = (
				254184B12436D1E100D9DA79 /* SephoraHomeTestUITests.swift in Sources */,
			);
			runOnlyForDeploymentPostprocessing = 0;
		};
/* End PBXSourcesBuildPhase section */

/* Begin PBXTargetDependency section */
		254184A32436D1E100D9DA79 /* PBXTargetDependency */ = {
			isa = PBXTargetDependency;
			target = 2541848A2436D1DF00D9DA79 /* SephoraHomeTest */;
			targetProxy = 254184A22436D1E100D9DA79 /* PBXContainerItemProxy */;
		};
		254184AE2436D1E100D9DA79 /* PBXTargetDependency */ = {
			isa = PBXTargetDependency;
			target = 2541848A2436D1DF00D9DA79 /* SephoraHomeTest */;
			targetProxy = 254184AD2436D1E100D9DA79 /* PBXContainerItemProxy */;
		};
/* End PBXTargetDependency section */

/* Begin PBXVariantGroup section */
		254184942436D1DF00D9DA79 /* Main.storyboard */ = {
			isa = PBXVariantGroup;
			children = (
				254184952436D1DF00D9DA79 /* Base */,
			);
			name = Main.storyboard;
			sourceTree = "<group>";
		};
		254184992436D1E100D9DA79 /* LaunchScreen.storyboard */ = {
			isa = PBXVariantGroup;
			children = (
				2541849A2436D1E100D9DA79 /* Base */,
			);
			name = LaunchScreen.storyboard;
			sourceTree = "<group>";
		};
/* End PBXVariantGroup section */

/* Begin XCBuildConfiguration section */
		254184B32436D1E100D9DA79 /* Debug */ = {
			isa = XCBuildConfiguration;
			buildSettings = {
				ALWAYS_SEARCH_USER_PATHS = NO;
				CLANG_ANALYZER_NONNULL = YES;
				CLANG_ANALYZER_NUMBER_OBJECT_CONVERSION = YES_AGGRESSIVE;
				CLANG_CXX_LANGUAGE_STANDARD = "gnu++14";
				CLANG_CXX_LIBRARY = "libc++";
				CLANG_ENABLE_MODULES = YES;
				CLANG_ENABLE_OBJC_ARC = YES;
				CLANG_ENABLE_OBJC_WEAK = YES;
				CLANG_WARN_BLOCK_CAPTURE_AUTORELEASING = YES;
				CLANG_WARN_BOOL_CONVERSION = YES;
				CLANG_WARN_COMMA = YES;
				CLANG_WARN_CONSTANT_CONVERSION = YES;
				CLANG_WARN_DEPRECATED_OBJC_IMPLEMENTATIONS = YES;
				CLANG_WARN_DIRECT_OBJC_ISA_USAGE = YES_ERROR;
				CLANG_WARN_DOCUMENTATION_COMMENTS = YES;
				CLANG_WARN_EMPTY_BODY = YES;
				CLANG_WARN_ENUM_CONVERSION = YES;
				CLANG_WARN_INFINITE_RECURSION = YES;
				CLANG_WARN_INT_CONVERSION = YES;
				CLANG_WARN_NON_LITERAL_NULL_CONVERSION = YES;
				CLANG_WARN_OBJC_IMPLICIT_RETAIN_SELF = YES;
				CLANG_WARN_OBJC_LITERAL_CONVERSION = YES;
				CLANG_WARN_OBJC_ROOT_CLASS = YES_ERROR;
				CLANG_WARN_RANGE_LOOP_ANALYSIS = YES;
				CLANG_WARN_STRICT_PROTOTYPES = YES;
				CLANG_WARN_SUSPICIOUS_MOVE = YES;
				CLANG_WARN_UNGUARDED_AVAILABILITY = YES_AGGRESSIVE;
				CLANG_WARN_UNREACHABLE_CODE = YES;
				CLANG_WARN__DUPLICATE_METHOD_MATCH = YES;
				COPY_PHASE_STRIP = NO;
				DEBUG_INFORMATION_FORMAT = dwarf;
				ENABLE_STRICT_OBJC_MSGSEND = YES;
				ENABLE_TESTABILITY = YES;
				GCC_C_LANGUAGE_STANDARD = gnu11;
				GCC_DYNAMIC_NO_PIC = NO;
				GCC_NO_COMMON_BLOCKS = YES;
				GCC_OPTIMIZATION_LEVEL = 0;
				GCC_PREPROCESSOR_DEFINITIONS = (
					"DEBUG=1",
					"$(inherited)",
				);
				GCC_WARN_64_TO_32_BIT_CONVERSION = YES;
				GCC_WARN_ABOUT_RETURN_TYPE = YES_ERROR;
				GCC_WARN_UNDECLARED_SELECTOR = YES;
				GCC_WARN_UNINITIALIZED_AUTOS = YES_AGGRESSIVE;
				GCC_WARN_UNUSED_FUNCTION = YES;
				GCC_WARN_UNUSED_VARIABLE = YES;
				IPHONEOS_DEPLOYMENT_TARGET = 13.2;
				MTL_ENABLE_DEBUG_INFO = INCLUDE_SOURCE;
				MTL_FAST_MATH = YES;
				ONLY_ACTIVE_ARCH = YES;
				SDKROOT = iphoneos;
				SWIFT_ACTIVE_COMPILATION_CONDITIONS = DEBUG;
				SWIFT_OPTIMIZATION_LEVEL = "-Onone";
			};
			name = Debug;
		};
		254184B42436D1E100D9DA79 /* Release */ = {
			isa = XCBuildConfiguration;
			buildSettings = {
				ALWAYS_SEARCH_USER_PATHS = NO;
				CLANG_ANALYZER_NONNULL = YES;
				CLANG_ANALYZER_NUMBER_OBJECT_CONVERSION = YES_AGGRESSIVE;
				CLANG_CXX_LANGUAGE_STANDARD = "gnu++14";
				CLANG_CXX_LIBRARY = "libc++";
				CLANG_ENABLE_MODULES = YES;
				CLANG_ENABLE_OBJC_ARC = YES;
				CLANG_ENABLE_OBJC_WEAK = YES;
				CLANG_WARN_BLOCK_CAPTURE_AUTORELEASING = YES;
				CLANG_WARN_BOOL_CONVERSION = YES;
				CLANG_WARN_COMMA = YES;
				CLANG_WARN_CONSTANT_CONVERSION = YES;
				CLANG_WARN_DEPRECATED_OBJC_IMPLEMENTATIONS = YES;
				CLANG_WARN_DIRECT_OBJC_ISA_USAGE = YES_ERROR;
				CLANG_WARN_DOCUMENTATION_COMMENTS = YES;
				CLANG_WARN_EMPTY_BODY = YES;
				CLANG_WARN_ENUM_CONVERSION = YES;
				CLANG_WARN_INFINITE_RECURSION = YES;
				CLANG_WARN_INT_CONVERSION = YES;
				CLANG_WARN_NON_LITERAL_NULL_CONVERSION = YES;
				CLANG_WARN_OBJC_IMPLICIT_RETAIN_SELF = YES;
				CLANG_WARN_OBJC_LITERAL_CONVERSION = YES;
				CLANG_WARN_OBJC_ROOT_CLASS = YES_ERROR;
				CLANG_WARN_RANGE_LOOP_ANALYSIS = YES;
				CLANG_WARN_STRICT_PROTOTYPES = YES;
				CLANG_WARN_SUSPICIOUS_MOVE = YES;
				CLANG_WARN_UNGUARDED_AVAILABILITY = YES_AGGRESSIVE;
				CLANG_WARN_UNREACHABLE_CODE = YES;
				CLANG_WARN__DUPLICATE_METHOD_MATCH = YES;
				COPY_PHASE_STRIP = NO;
				DEBUG_INFORMATION_FORMAT = "dwarf-with-dsym";
				ENABLE_NS_ASSERTIONS = NO;
				ENABLE_STRICT_OBJC_MSGSEND = YES;
				GCC_C_LANGUAGE_STANDARD = gnu11;
				GCC_NO_COMMON_BLOCKS = YES;
				GCC_WARN_64_TO_32_BIT_CONVERSION = YES;
				GCC_WARN_ABOUT_RETURN_TYPE = YES_ERROR;
				GCC_WARN_UNDECLARED_SELECTOR = YES;
				GCC_WARN_UNINITIALIZED_AUTOS = YES_AGGRESSIVE;
				GCC_WARN_UNUSED_FUNCTION = YES;
				GCC_WARN_UNUSED_VARIABLE = YES;
				IPHONEOS_DEPLOYMENT_TARGET = 13.2;
				MTL_ENABLE_DEBUG_INFO = NO;
				MTL_FAST_MATH = YES;
				SDKROOT = iphoneos;
				SWIFT_COMPILATION_MODE = wholemodule;
				SWIFT_OPTIMIZATION_LEVEL = "-O";
				VALIDATE_PRODUCT = YES;
			};
			name = Release;
		};
		254184B62436D1E100D9DA79 /* Debug */ = {
			isa = XCBuildConfiguration;
			baseConfigurationReference = 3CD266362256AA4C67CE28F7 /* Pods-SephoraHomeTest.debug.xcconfig */;
			buildSettings = {
				ASSETCATALOG_COMPILER_APPICON_NAME = AppIcon;
				CODE_SIGN_STYLE = Automatic;
				DEVELOPMENT_TEAM = WXQ43LH9SW;
				INFOPLIST_FILE = SephoraHomeTest/Info.plist;
				LD_RUNPATH_SEARCH_PATHS = (
					"$(inherited)",
					"@executable_path/Frameworks",
				);
				PRODUCT_BUNDLE_IDENTIFIER = com.spree.SephoraHomeTest.SephoraHomeTest;
				PRODUCT_NAME = "$(TARGET_NAME)";
				SWIFT_VERSION = 5.0;
				TARGETED_DEVICE_FAMILY = 1;
			};
			name = Debug;
		};
		254184B72436D1E100D9DA79 /* Release */ = {
			isa = XCBuildConfiguration;
			baseConfigurationReference = D203B109111964A2FD722612 /* Pods-SephoraHomeTest.release.xcconfig */;
			buildSettings = {
				ASSETCATALOG_COMPILER_APPICON_NAME = AppIcon;
				CODE_SIGN_STYLE = Automatic;
				DEVELOPMENT_TEAM = WXQ43LH9SW;
				INFOPLIST_FILE = SephoraHomeTest/Info.plist;
				LD_RUNPATH_SEARCH_PATHS = (
					"$(inherited)",
					"@executable_path/Frameworks",
				);
				PRODUCT_BUNDLE_IDENTIFIER = com.spree.SephoraHomeTest.SephoraHomeTest;
				PRODUCT_NAME = "$(TARGET_NAME)";
				SWIFT_VERSION = 5.0;
				TARGETED_DEVICE_FAMILY = 1;
			};
			name = Release;
		};
		254184B92436D1E100D9DA79 /* Debug */ = {
			isa = XCBuildConfiguration;
			baseConfigurationReference = 18D51B2B86325387E9EAE9A0 /* Pods-SephoraHomeTestTests.debug.xcconfig */;
			buildSettings = {
				ALWAYS_EMBED_SWIFT_STANDARD_LIBRARIES = YES;
				BUNDLE_LOADER = "$(TEST_HOST)";
				CODE_SIGN_STYLE = Automatic;
				DEVELOPMENT_TEAM = WXQ43LH9SW;
				INFOPLIST_FILE = SephoraHomeTestTests/Info.plist;
				IPHONEOS_DEPLOYMENT_TARGET = 13.2;
				LD_RUNPATH_SEARCH_PATHS = (
					"$(inherited)",
					"@executable_path/Frameworks",
					"@loader_path/Frameworks",
				);
				PRODUCT_BUNDLE_IDENTIFIER = com.spree.SephoraHomeTest.SephoraHomeTestTests;
				PRODUCT_NAME = "$(TARGET_NAME)";
				SWIFT_VERSION = 5.0;
				TARGETED_DEVICE_FAMILY = "1,2";
				TEST_HOST = "$(BUILT_PRODUCTS_DIR)/SephoraHomeTest.app/SephoraHomeTest";
			};
			name = Debug;
		};
		254184BA2436D1E100D9DA79 /* Release */ = {
			isa = XCBuildConfiguration;
			baseConfigurationReference = 94699B8448FE3E98B6176C17 /* Pods-SephoraHomeTestTests.release.xcconfig */;
			buildSettings = {
				ALWAYS_EMBED_SWIFT_STANDARD_LIBRARIES = YES;
				BUNDLE_LOADER = "$(TEST_HOST)";
				CODE_SIGN_STYLE = Automatic;
				DEVELOPMENT_TEAM = WXQ43LH9SW;
				INFOPLIST_FILE = SephoraHomeTestTests/Info.plist;
				IPHONEOS_DEPLOYMENT_TARGET = 13.2;
				LD_RUNPATH_SEARCH_PATHS = (
					"$(inherited)",
					"@executable_path/Frameworks",
					"@loader_path/Frameworks",
				);
				PRODUCT_BUNDLE_IDENTIFIER = com.spree.SephoraHomeTest.SephoraHomeTestTests;
				PRODUCT_NAME = "$(TARGET_NAME)";
				SWIFT_VERSION = 5.0;
				TARGETED_DEVICE_FAMILY = "1,2";
				TEST_HOST = "$(BUILT_PRODUCTS_DIR)/SephoraHomeTest.app/SephoraHomeTest";
			};
			name = Release;
		};
		254184BC2436D1E100D9DA79 /* Debug */ = {
			isa = XCBuildConfiguration;
			baseConfigurationReference = 3E040F3EEF215D6D26B92E81 /* Pods-SephoraHomeTest-SephoraHomeTestUITests.debug.xcconfig */;
			buildSettings = {
				ALWAYS_EMBED_SWIFT_STANDARD_LIBRARIES = YES;
				CODE_SIGN_STYLE = Automatic;
				DEVELOPMENT_TEAM = WXQ43LH9SW;
				INFOPLIST_FILE = SephoraHomeTestUITests/Info.plist;
				LD_RUNPATH_SEARCH_PATHS = (
					"$(inherited)",
					"@executable_path/Frameworks",
					"@loader_path/Frameworks",
				);
				PRODUCT_BUNDLE_IDENTIFIER = com.spree.SephoraHomeTest.SephoraHomeTestUITests;
				PRODUCT_NAME = "$(TARGET_NAME)";
				SWIFT_VERSION = 5.0;
				TARGETED_DEVICE_FAMILY = "1,2";
				TEST_TARGET_NAME = SephoraHomeTest;
			};
			name = Debug;
		};
		254184BD2436D1E100D9DA79 /* Release */ = {
			isa = XCBuildConfiguration;
			baseConfigurationReference = B1DD100850BEC58B1D953E35 /* Pods-SephoraHomeTest-SephoraHomeTestUITests.release.xcconfig */;
			buildSettings = {
				ALWAYS_EMBED_SWIFT_STANDARD_LIBRARIES = YES;
				CODE_SIGN_STYLE = Automatic;
				DEVELOPMENT_TEAM = WXQ43LH9SW;
				INFOPLIST_FILE = SephoraHomeTestUITests/Info.plist;
				LD_RUNPATH_SEARCH_PATHS = (
					"$(inherited)",
					"@executable_path/Frameworks",
					"@loader_path/Frameworks",
				);
				PRODUCT_BUNDLE_IDENTIFIER = com.spree.SephoraHomeTest.SephoraHomeTestUITests;
				PRODUCT_NAME = "$(TARGET_NAME)";
				SWIFT_VERSION = 5.0;
				TARGETED_DEVICE_FAMILY = "1,2";
				TEST_TARGET_NAME = SephoraHomeTest;
			};
			name = Release;
		};
/* End XCBuildConfiguration section */

/* Begin XCConfigurationList section */
		254184862436D1DF00D9DA79 /* Build configuration list for PBXProject "SephoraHomeTest" */ = {
			isa = XCConfigurationList;
			buildConfigurations = (
				254184B32436D1E100D9DA79 /* Debug */,
				254184B42436D1E100D9DA79 /* Release */,
			);
			defaultConfigurationIsVisible = 0;
			defaultConfigurationName = Release;
		};
		254184B52436D1E100D9DA79 /* Build configuration list for PBXNativeTarget "SephoraHomeTest" */ = {
			isa = XCConfigurationList;
			buildConfigurations = (
				254184B62436D1E100D9DA79 /* Debug */,
				254184B72436D1E100D9DA79 /* Release */,
			);
			defaultConfigurationIsVisible = 0;
			defaultConfigurationName = Release;
		};
		254184B82436D1E100D9DA79 /* Build configuration list for PBXNativeTarget "SephoraHomeTestTests" */ = {
			isa = XCConfigurationList;
			buildConfigurations = (
				254184B92436D1E100D9DA79 /* Debug */,
				254184BA2436D1E100D9DA79 /* Release */,
			);
			defaultConfigurationIsVisible = 0;
			defaultConfigurationName = Release;
		};
		254184BB2436D1E100D9DA79 /* Build configuration list for PBXNativeTarget "SephoraHomeTestUITests" */ = {
			isa = XCConfigurationList;
			buildConfigurations = (
				254184BC2436D1E100D9DA79 /* Debug */,
				254184BD2436D1E100D9DA79 /* Release */,
			);
			defaultConfigurationIsVisible = 0;
			defaultConfigurationName = Release;
		};
/* End XCConfigurationList section */
	};
	rootObject = 254184832436D1DF00D9DA79 /* Project object */;
}
